{
    "_meta": {
        "hash": {
            "sha256": "40c7a1bfd6c575a92e89d33b6ff5e38567ee542c5fa99acf0d64481a42be3477"
        },
        "pipfile-spec": 6,
        "requires": {
            "python_full_version": "3.8.13"
        },
        "sources": [
            {
                "name": "pypi",
                "url": "https://pypi.org/simple",
                "verify_ssl": true
            }
        ]
    },
    "default": {},
    "develop": {}
}
